
Microsoft Visual Studio Solution File, Format Version 12.00
# Visual Studio Version 16
VisualStudioVersion = 16.0.29911.84
MinimumVisualStudioVersion = 10.0.40219.1
Project("{FAE04EC0-301F-11D3-BF4B-00C04F79EFBC}") = "FirstWPFApp", "FirstWPFApp\FirstWPFApp.csproj", "{04C8DAA6-ED1F-41FC-AD1E-49C1FF7BD82A}"
EndProject
Global
	GlobalSection(SolutionConfigurationPlatforms) = preSolution
		Debug|Any CPU = Debug|Any CPU
		Release|Any CPU = Release|Any CPU
	EndGlobalSection
	GlobalSection(ProjectConfigurationPlatforms) = postSolution
		{04C8DAA6-ED1F-41FC-AD1E-49C1FF7BD82A}.Debug|Any CPU.ActiveCfg = Debug|Any CPU
		{04C8DAA6-ED1F-41FC-AD1E-49C1FF7BD82A}.Debug|Any CPU.Build.0 = Debug|Any CPU
		{04C8DAA6-ED1F-41FC-AD1E-49C1FF7BD82A}.Release|Any CPU.ActiveCfg = Release|Any CPU
		{04C8DAA6-ED1F-41FC-AD1E-49C1FF7BD82A}.Release|Any CPU.Build.0 = Release|Any CPU
	EndGlobalSection
	GlobalSection(SolutionProperties) = preSolution
		HideSolutionNode = FALSE
	EndGlobalSection
	GlobalSection(ExtensibilityGlobals) = postSolution
		SolutionGuid = {4E8319DE-22FB-4974-B85D-88EE50BDD7D7}
	EndGlobalSection
EndGlobal
